
Microsoft Visual Studio Solution File, Format Version 12.00
# Visual Studio 14
VisualStudioVersion = 14.0.23107.0
MinimumVisualStudioVersion = 10.0.40219.1
Project("{FAE04EC0-301F-11D3-BF4B-00C04F79EFBC}") = "Steadyworks", "Steadyworks\Steadyworks.csproj", "{8FBA7148-D937-471F-9EA2-850FBF93145C}"
EndProject
Project("{FAE04EC0-301F-11D3-BF4B-00C04F79EFBC}") = "Steadyworks.Repository", "Steadyworks.Repository\Steadyworks.Repository.csproj", "{55150B0B-A47F-4F10-A7E3-11CC8B1B5DB3}"
EndProject
Project("{FAE04EC0-301F-11D3-BF4B-00C04F79EFBC}") = "Steadyworks.Work", "Steadyworks.Work\Steadyworks.Work.csproj", "{6DDC86BE-FE49-4115-BA3C-386D3FC1979C}"
EndProject
Global
	GlobalSection(SolutionConfigurationPlatforms) = preSolution
		Debug|Any CPU = Debug|Any CPU
		Release|Any CPU = Release|Any CPU
	EndGlobalSection
	GlobalSection(ProjectConfigurationPlatforms) = postSolution
		{8FBA7148-D937-471F-9EA2-850FBF93145C}.Debug|Any CPU.ActiveCfg = Debug|Any CPU
		{8FBA7148-D937-471F-9EA2-850FBF93145C}.Debug|Any CPU.Build.0 = Debug|Any CPU
		{8FBA7148-D937-471F-9EA2-850FBF93145C}.Release|Any CPU.ActiveCfg = Release|Any CPU
		{8FBA7148-D937-471F-9EA2-850FBF93145C}.Release|Any CPU.Build.0 = Release|Any CPU
		{55150B0B-A47F-4F10-A7E3-11CC8B1B5DB3}.Debug|Any CPU.ActiveCfg = Debug|Any CPU
		{55150B0B-A47F-4F10-A7E3-11CC8B1B5DB3}.Debug|Any CPU.Build.0 = Debug|Any CPU
		{55150B0B-A47F-4F10-A7E3-11CC8B1B5DB3}.Release|Any CPU.ActiveCfg = Release|Any CPU
		{55150B0B-A47F-4F10-A7E3-11CC8B1B5DB3}.Release|Any CPU.Build.0 = Release|Any CPU
		{6DDC86BE-FE49-4115-BA3C-386D3FC1979C}.Debug|Any CPU.ActiveCfg = Debug|Any CPU
		{6DDC86BE-FE49-4115-BA3C-386D3FC1979C}.Debug|Any CPU.Build.0 = Debug|Any CPU
		{6DDC86BE-FE49-4115-BA3C-386D3FC1979C}.Release|Any CPU.ActiveCfg = Release|Any CPU
		{6DDC86BE-FE49-4115-BA3C-386D3FC1979C}.Release|Any CPU.Build.0 = Release|Any CPU
	EndGlobalSection
	GlobalSection(SolutionProperties) = preSolution
		HideSolutionNode = FALSE
	EndGlobalSection
EndGlobal
